
Microsoft Visual Studio Solution File, Format Version 12.00
# Visual Studio 2013
VisualStudioVersion = 12.0.21005.1
MinimumVisualStudioVersion = 10.0.40219.1
Project("{2150E333-8FDC-42A3-9474-1A3956D46DE8}") = "Engine", "Engine", "{4E3602CC-A4A9-43F5-AD46-03CB6E8B4C4C}"
EndProject
Project("{2150E333-8FDC-42A3-9474-1A3956D46DE8}") = "Games", "Games", "{B29796C2-7152-4CC8-BC85-3FA28EAD4D3E}"
EndProject
Project("{8BC9CEB8-8B4A-11D0-8D11-00A0C91BC942}") = "KandraDisease", "Intermediate\ProjectFiles\KandraDisease.vcxproj", "{8E149A0E-93BE-4B28-BEB9-FF61E416AF0C}"
EndProject
Project("{8BC9CEB8-8B4A-11D0-8D11-00A0C91BC942}") = "UE4", "Intermediate\ProjectFiles\UE4.vcxproj", "{6F7A1199-73E5-4287-95B1-7260C6FBB05A}"
EndProject
Global
	GlobalSection(SolutionConfigurationPlatforms) = preSolution
		DebugGame Editor|Windows = DebugGame Editor|Windows
		DebugGame|Windows = DebugGame|Windows
		Development Editor|Windows = Development Editor|Windows
		Development|Windows = Development|Windows
		Shipping|Windows = Shipping|Windows
	EndGlobalSection
	GlobalSection(ProjectConfigurationPlatforms) = postSolution
		{8E149A0E-93BE-4B28-BEB9-FF61E416AF0C}.DebugGame Editor|Windows.ActiveCfg = DebugGame_Editor|x64
		{8E149A0E-93BE-4B28-BEB9-FF61E416AF0C}.DebugGame Editor|Windows.Build.0 = DebugGame_Editor|x64
		{8E149A0E-93BE-4B28-BEB9-FF61E416AF0C}.DebugGame|Windows.ActiveCfg = DebugGame_Game|x64
		{8E149A0E-93BE-4B28-BEB9-FF61E416AF0C}.DebugGame|Windows.Build.0 = DebugGame_Game|x64
		{8E149A0E-93BE-4B28-BEB9-FF61E416AF0C}.Development Editor|Windows.ActiveCfg = Development_Editor|x64
		{8E149A0E-93BE-4B28-BEB9-FF61E416AF0C}.Development Editor|Windows.Build.0 = Development_Editor|x64
		{8E149A0E-93BE-4B28-BEB9-FF61E416AF0C}.Development|Windows.ActiveCfg = Development_Game|x64
		{8E149A0E-93BE-4B28-BEB9-FF61E416AF0C}.Development|Windows.Build.0 = Development_Game|x64
		{8E149A0E-93BE-4B28-BEB9-FF61E416AF0C}.Shipping|Windows.ActiveCfg = Shipping_Game|Win32
		{8E149A0E-93BE-4B28-BEB9-FF61E416AF0C}.Shipping|Windows.Build.0 = Shipping_Game|Win32
		{6F7A1199-73E5-4287-95B1-7260C6FBB05A}.DebugGame Editor|Windows.ActiveCfg = BuiltWithUnrealBuildTool|Win32
		{6F7A1199-73E5-4287-95B1-7260C6FBB05A}.DebugGame|Windows.ActiveCfg = BuiltWithUnrealBuildTool|Win32
		{6F7A1199-73E5-4287-95B1-7260C6FBB05A}.Development Editor|Windows.ActiveCfg = BuiltWithUnrealBuildTool|Win32
		{6F7A1199-73E5-4287-95B1-7260C6FBB05A}.Development|Windows.ActiveCfg = BuiltWithUnrealBuildTool|Win32
		{6F7A1199-73E5-4287-95B1-7260C6FBB05A}.Shipping|Windows.ActiveCfg = BuiltWithUnrealBuildTool|Win32
	EndGlobalSection
	GlobalSection(SolutionProperties) = preSolution
		HideSolutionNode = FALSE
	EndGlobalSection
	GlobalSection(NestedProjects) = preSolution
		{6F7A1199-73E5-4287-95B1-7260C6FBB05A} = {4E3602CC-A4A9-43F5-AD46-03CB6E8B4C4C}
		{8E149A0E-93BE-4B28-BEB9-FF61E416AF0C} = {B29796C2-7152-4CC8-BC85-3FA28EAD4D3E}
	EndGlobalSection
EndGlobal
